// !$*UTF8*$!
{
	archiveVersion = 1;
	classes = {
	};
	objectVersion = 46;
	objects = {

/* Begin PBXBuildFile section */
		77B4958E192B063E00D8099C /* Foundation.framework in Frameworks */ = {isa = PBXBuildFile; fileRef = 77B4958D192B063E00D8099C /* Foundation.framework */; };
		77B49590192B063E00D8099C /* CoreGraphics.framework in Frameworks */ = {isa = PBXBuildFile; fileRef = 77B4958F192B063E00D8099C /* CoreGraphics.framework */; };
		77B49592192B063E00D8099C /* UIKit.framework in Frameworks */ = {isa = PBXBuildFile; fileRef = 77B49591192B063E00D8099C /* UIKit.framework */; };
		77B49598192B063E00D8099C /* InfoPlist.strings in Resources */ = {isa = PBXBuildFile; fileRef = 77B49596192B063E00D8099C /* InfoPlist.strings */; };
		77B4959A192B063E00D8099C /* main.m in Sources */ = {isa = PBXBuildFile; fileRef = 77B49599192B063E00D8099C /* main.m */; };
		77B4959E192B063E00D8099C /* CHAppDelegate.m in Sources */ = {isa = PBXBuildFile; fileRef = 77B4959D192B063E00D8099C /* CHAppDelegate.m */; };
		77B495A7192B063E00D8099C /* CHViewController.m in Sources */ = {isa = PBXBuildFile; fileRef = 77B495A6192B063E00D8099C /* CHViewController.m */; };
		77B495A9192B063E00D8099C /* Images.xcassets in Resources */ = {isa = PBXBuildFile; fileRef = 77B495A8192B063E00D8099C /* Images.xcassets */; };
		77B495B0192B063E00D8099C /* XCTest.framework in Frameworks */ = {isa = PBXBuildFile; fileRef = 77B495AF192B063E00D8099C /* XCTest.framework */; };
		77B495B1192B063E00D8099C /* Foundation.framework in Frameworks */ = {isa = PBXBuildFile; fileRef = 77B4958D192B063E00D8099C /* Foundation.framework */; };
		77B495B2192B063E00D8099C /* UIKit.framework in Frameworks */ = {isa = PBXBuildFile; fileRef = 77B49591192B063E00D8099C /* UIKit.framework */; };
		77B495BA192B063E00D8099C /* InfoPlist.strings in Resources */ = {isa = PBXBuildFile; fileRef = 77B495B8192B063E00D8099C /* InfoPlist.strings */; };
		77B495BC192B063E00D8099C /* CHAnimationTests.m in Sources */ = {isa = PBXBuildFile; fileRef = 77B495BB192B063E00D8099C /* CHAnimationTests.m */; };
		77B495C8192B070E00D8099C /* CHAnimator.m in Sources */ = {isa = PBXBuildFile; fileRef = 77B495C7192B070E00D8099C /* CHAnimator.m */; };
		77B495CB192B080200D8099C /* CHAnimation.m in Sources */ = {isa = PBXBuildFile; fileRef = 77B495CA192B080200D8099C /* CHAnimation.m */; };
		77B495CE192B131300D8099C /* CHAnimationState.m in Sources */ = {isa = PBXBuildFile; fileRef = 77B495CD192B131300D8099C /* CHAnimationState.m */; };
		77B58A5B192E11F3006AA8FE /* background@2x.png in Resources */ = {isa = PBXBuildFile; fileRef = 77B58A5A192E11F3006AA8FE /* background@2x.png */; };
		77F1186A192D9E9B0038F5AA /* CHPopUpMenu.m in Sources */ = {isa = PBXBuildFile; fileRef = 77F11869192D9E9B0038F5AA /* CHPopUpMenu.m */; };
		77F1188D192DCE290038F5AA /* facebook@2x.png in Resources */ = {isa = PBXBuildFile; fileRef = 77F11884192DCE290038F5AA /* facebook@2x.png */; };
		77F1188E192DCE290038F5AA /* googleplus@2x.png in Resources */ = {isa = PBXBuildFile; fileRef = 77F11885192DCE290038F5AA /* googleplus@2x.png */; };
		77F1188F192DCE290038F5AA /* linkedin@2x.png in Resources */ = {isa = PBXBuildFile; fileRef = 77F11886192DCE290038F5AA /* linkedin@2x.png */; };
		77F11890192DCE290038F5AA /* pinterest@2x.png in Resources */ = {isa = PBXBuildFile; fileRef = 77F11887192DCE290038F5AA /* pinterest@2x.png */; };
		77F11891192DCE290038F5AA /* plus@2x.png in Resources */ = {isa = PBXBuildFile; fileRef = 77F11888192DCE290038F5AA /* plus@2x.png */; };
		77F11892192DCE290038F5AA /* skype@2x.png in Resources */ = {isa = PBXBuildFile; fileRef = 77F11889192DCE290038F5AA /* skype@2x.png */; };
		77F11893192DCE290038F5AA /* tumblr@2x.png in Resources */ = {isa = PBXBuildFile; fileRef = 77F1188A192DCE290038F5AA /* tumblr@2x.png */; };
		77F11894192DCE290038F5AA /* twitter@2x.png in Resources */ = {isa = PBXBuildFile; fileRef = 77F1188B192DCE290038F5AA /* twitter@2x.png */; };
		77F11895192DCE290038F5AA /* youtube@2x.png in Resources */ = {isa = PBXBuildFile; fileRef = 77F1188C192DCE290038F5AA /* youtube@2x.png */; };
/* End PBXBuildFile section */

/* Begin PBXContainerItemProxy section */
		77B495B3192B063E00D8099C /* PBXContainerItemProxy */ = {
			isa = PBXContainerItemProxy;
			containerPortal = 77B49582192B063E00D8099C /* Project object */;
			proxyType = 1;
			remoteGlobalIDString = 77B49589192B063E00D8099C;
			remoteInfo = CHAnimation;
		};
/* End PBXContainerItemProxy section */

/* Begin PBXFileReference section */
		77B4958A192B063E00D8099C /* CHAnimation.app */ = {isa = PBXFileReference; explicitFileType = wrapper.application; includeInIndex = 0; path = CHAnimation.app; sourceTree = BUILT_PRODUCTS_DIR; };
		77B4958D192B063E00D8099C /* Foundation.framework */ = {isa = PBXFileReference; lastKnownFileType = wrapper.framework; name = Foundation.framework; path = System/Library/Frameworks/Foundation.framework; sourceTree = SDKROOT; };
		77B4958F192B063E00D8099C /* CoreGraphics.framework */ = {isa = PBXFileReference; lastKnownFileType = wrapper.framework; name = CoreGraphics.framework; path = System/Library/Frameworks/CoreGraphics.framework; sourceTree = SDKROOT; };
		77B49591192B063E00D8099C /* UIKit.framework */ = {isa = PBXFileReference; lastKnownFileType = wrapper.framework; name = UIKit.framework; path = System/Library/Frameworks/UIKit.framework; sourceTree = SDKROOT; };
		77B49595192B063E00D8099C /* CHAnimation-Info.plist */ = {isa = PBXFileReference; lastKnownFileType = text.plist.xml; path = "CHAnimation-Info.plist"; sourceTree = "<group>"; };
		77B49597192B063E00D8099C /* en */ = {isa = PBXFileReference; lastKnownFileType = text.plist.strings; name = en; path = en.lproj/InfoPlist.strings; sourceTree = "<group>"; };
		77B49599192B063E00D8099C /* main.m */ = {isa = PBXFileReference; lastKnownFileType = sourcecode.c.objc; path = main.m; sourceTree = "<group>"; };
		77B4959B192B063E00D8099C /* CHAnimation-Prefix.pch */ = {isa = PBXFileReference; lastKnownFileType = sourcecode.c.h; path = "CHAnimation-Prefix.pch"; sourceTree = "<group>"; };
		77B4959C192B063E00D8099C /* CHAppDelegate.h */ = {isa = PBXFileReference; lastKnownFileType = sourcecode.c.h; path = CHAppDelegate.h; sourceTree = "<group>"; };
		77B4959D192B063E00D8099C /* CHAppDelegate.m */ = {isa = PBXFileReference; lastKnownFileType = sourcecode.c.objc; path = CHAppDelegate.m; sourceTree = "<group>"; };
		77B495A5192B063E00D8099C /* CHViewController.h */ = {isa = PBXFileReference; lastKnownFileType = sourcecode.c.h; path = CHViewController.h; sourceTree = "<group>"; };
		77B495A6192B063E00D8099C /* CHViewController.m */ = {isa = PBXFileReference; lastKnownFileType = sourcecode.c.objc; path = CHViewController.m; sourceTree = "<group>"; };
		77B495A8192B063E00D8099C /* Images.xcassets */ = {isa = PBXFileReference; lastKnownFileType = folder.assetcatalog; path = Images.xcassets; sourceTree = "<group>"; };
		77B495AE192B063E00D8099C /* CHAnimationTests.xctest */ = {isa = PBXFileReference; explicitFileType = wrapper.cfbundle; includeInIndex = 0; path = CHAnimationTests.xctest; sourceTree = BUILT_PRODUCTS_DIR; };
		77B495AF192B063E00D8099C /* XCTest.framework */ = {isa = PBXFileReference; lastKnownFileType = wrapper.framework; name = XCTest.framework; path = Library/Frameworks/XCTest.framework; sourceTree = DEVELOPER_DIR; };
		77B495B7192B063E00D8099C /* CHAnimationTests-Info.plist */ = {isa = PBXFileReference; lastKnownFileType = text.plist.xml; path = "CHAnimationTests-Info.plist"; sourceTree = "<group>"; };
		77B495B9192B063E00D8099C /* en */ = {isa = PBXFileReference; lastKnownFileType = text.plist.strings; name = en; path = en.lproj/InfoPlist.strings; sourceTree = "<group>"; };
		77B495BB192B063E00D8099C /* CHAnimationTests.m */ = {isa = PBXFileReference; lastKnownFileType = sourcecode.c.objc; path = CHAnimationTests.m; sourceTree = "<group>"; };
		77B495C6192B070E00D8099C /* CHAnimator.h */ = {isa = PBXFileReference; fileEncoding = 4; lastKnownFileType = sourcecode.c.h; path = CHAnimator.h; sourceTree = "<group>"; };
		77B495C7192B070E00D8099C /* CHAnimator.m */ = {isa = PBXFileReference; fileEncoding = 4; lastKnownFileType = sourcecode.c.objc; path = CHAnimator.m; sourceTree = "<group>"; };
		77B495C9192B080200D8099C /* CHAnimation.h */ = {isa = PBXFileReference; fileEncoding = 4; lastKnownFileType = sourcecode.c.h; path = CHAnimation.h; sourceTree = "<group>"; };
		77B495CA192B080200D8099C /* CHAnimation.m */ = {isa = PBXFileReference; fileEncoding = 4; lastKnownFileType = sourcecode.c.objc; path = CHAnimation.m; sourceTree = "<group>"; };
		77B495CC192B131300D8099C /* CHAnimationState.h */ = {isa = PBXFileReference; fileEncoding = 4; lastKnownFileType = sourcecode.c.h; path = CHAnimationState.h; sourceTree = "<group>"; };
		77B495CD192B131300D8099C /* CHAnimationState.m */ = {isa = PBXFileReference; fileEncoding = 4; lastKnownFileType = sourcecode.c.objc; path = CHAnimationState.m; sourceTree = "<group>"; };
		77B58A5A192E11F3006AA8FE /* background@2x.png */ = {isa = PBXFileReference; lastKnownFileType = image.png; path = "background@2x.png"; sourceTree = "<group>"; };
		77F11868192D9E9B0038F5AA /* CHPopUpMenu.h */ = {isa = PBXFileReference; fileEncoding = 4; lastKnownFileType = sourcecode.c.h; path = CHPopUpMenu.h; sourceTree = "<group>"; };
		77F11869192D9E9B0038F5AA /* CHPopUpMenu.m */ = {isa = PBXFileReference; fileEncoding = 4; lastKnownFileType = sourcecode.c.objc; path = CHPopUpMenu.m; sourceTree = "<group>"; };
		77F11884192DCE290038F5AA /* facebook@2x.png */ = {isa = PBXFileReference; lastKnownFileType = image.png; path = "facebook@2x.png"; sourceTree = "<group>"; };
		77F11885192DCE290038F5AA /* googleplus@2x.png */ = {isa = PBXFileReference; lastKnownFileType = image.png; path = "googleplus@2x.png"; sourceTree = "<group>"; };
		77F11886192DCE290038F5AA /* linkedin@2x.png */ = {isa = PBXFileReference; lastKnownFileType = image.png; path = "linkedin@2x.png"; sourceTree = "<group>"; };
		77F11887192DCE290038F5AA /* pinterest@2x.png */ = {isa = PBXFileReference; lastKnownFileType = image.png; path = "pinterest@2x.png"; sourceTree = "<group>"; };
		77F11888192DCE290038F5AA /* plus@2x.png */ = {isa = PBXFileReference; lastKnownFileType = image.png; path = "plus@2x.png"; sourceTree = "<group>"; };
		77F11889192DCE290038F5AA /* skype@2x.png */ = {isa = PBXFileReference; lastKnownFileType = image.png; path = "skype@2x.png"; sourceTree = "<group>"; };
		77F1188A192DCE290038F5AA /* tumblr@2x.png */ = {isa = PBXFileReference; lastKnownFileType = image.png; path = "tumblr@2x.png"; sourceTree = "<group>"; };
		77F1188B192DCE290038F5AA /* twitter@2x.png */ = {isa = PBXFileReference; lastKnownFileType = image.png; path = "twitter@2x.png"; sourceTree = "<group>"; };
		77F1188C192DCE290038F5AA /* youtube@2x.png */ = {isa = PBXFileReference; lastKnownFileType = image.png; path = "youtube@2x.png"; sourceTree = "<group>"; };
/* End PBXFileReference section */

/* Begin PBXFrameworksBuildPhase section */
		77B49587192B063E00D8099C /* Frameworks */ = {
			isa = PBXFrameworksBuildPhase;
			buildActionMask = 2147483647;
			files = (
				77B49590192B063E00D8099C /* CoreGraphics.framework in Frameworks */,
				77B49592192B063E00D8099C /* UIKit.framework in Frameworks */,
				77B4958E192B063E00D8099C /* Foundation.framework in Frameworks */,
			);
			runOnlyForDeploymentPostprocessing = 0;
		};
		77B495AB192B063E00D8099C /* Frameworks */ = {
			isa = PBXFrameworksBuildPhase;
			buildActionMask = 2147483647;
			files = (
				77B495B0192B063E00D8099C /* XCTest.framework in Frameworks */,
				77B495B2192B063E00D8099C /* UIKit.framework in Frameworks */,
				77B495B1192B063E00D8099C /* Foundation.framework in Frameworks */,
			);
			runOnlyForDeploymentPostprocessing = 0;
		};
/* End PBXFrameworksBuildPhase section */

/* Begin PBXGroup section */
		77B49581192B063E00D8099C = {
			isa = PBXGroup;
			children = (
				77B49593192B063E00D8099C /* CHAnimation */,
				77B495B5192B063E00D8099C /* CHAnimationTests */,
				77B4958C192B063E00D8099C /* Frameworks */,
				77B4958B192B063E00D8099C /* Products */,
			);
			sourceTree = "<group>";
		};
		77B4958B192B063E00D8099C /* Products */ = {
			isa = PBXGroup;
			children = (
				77B4958A192B063E00D8099C /* CHAnimation.app */,
				77B495AE192B063E00D8099C /* CHAnimationTests.xctest */,
			);
			name = Products;
			sourceTree = "<group>";
		};
		77B4958C192B063E00D8099C /* Frameworks */ = {
			isa = PBXGroup;
			children = (
				77B4958D192B063E00D8099C /* Foundation.framework */,
				77B4958F192B063E00D8099C /* CoreGraphics.framework */,
				77B49591192B063E00D8099C /* UIKit.framework */,
				77B495AF192B063E00D8099C /* XCTest.framework */,
			);
			name = Frameworks;
			sourceTree = "<group>";
		};
		77B49593192B063E00D8099C /* CHAnimation */ = {
			isa = PBXGroup;
			children = (
				77F11883192DCE290038F5AA /* Resources */,
				77B495C5192B070E00D8099C /* CHAnimation */,
				77B4959C192B063E00D8099C /* CHAppDelegate.h */,
				77B4959D192B063E00D8099C /* CHAppDelegate.m */,
				77F11868192D9E9B0038F5AA /* CHPopUpMenu.h */,
				77F11869192D9E9B0038F5AA /* CHPopUpMenu.m */,
				77B495A5192B063E00D8099C /* CHViewController.h */,
				77B495A6192B063E00D8099C /* CHViewController.m */,
				77B495A8192B063E00D8099C /* Images.xcassets */,
				77B49594192B063E00D8099C /* Supporting Files */,
			);
			path = CHAnimation;
			sourceTree = "<group>";
		};
		77B49594192B063E00D8099C /* Supporting Files */ = {
			isa = PBXGroup;
			children = (
				77B49595192B063E00D8099C /* CHAnimation-Info.plist */,
				77B49596192B063E00D8099C /* InfoPlist.strings */,
				77B49599192B063E00D8099C /* main.m */,
				77B4959B192B063E00D8099C /* CHAnimation-Prefix.pch */,
			);
			name = "Supporting Files";
			sourceTree = "<group>";
		};
		77B495B5192B063E00D8099C /* CHAnimationTests */ = {
			isa = PBXGroup;
			children = (
				77B495BB192B063E00D8099C /* CHAnimationTests.m */,
				77B495B6192B063E00D8099C /* Supporting Files */,
			);
			path = CHAnimationTests;
			sourceTree = "<group>";
		};
		77B495B6192B063E00D8099C /* Supporting Files */ = {
			isa = PBXGroup;
			children = (
				77B495B7192B063E00D8099C /* CHAnimationTests-Info.plist */,
				77B495B8192B063E00D8099C /* InfoPlist.strings */,
			);
			name = "Supporting Files";
			sourceTree = "<group>";
		};
		77B495C5192B070E00D8099C /* CHAnimation */ = {
			isa = PBXGroup;
			children = (
				77B495C6192B070E00D8099C /* CHAnimator.h */,
				77B495C7192B070E00D8099C /* CHAnimator.m */,
				77B495C9192B080200D8099C /* CHAnimation.h */,
				77B495CA192B080200D8099C /* CHAnimation.m */,
				77B495CC192B131300D8099C /* CHAnimationState.h */,
				77B495CD192B131300D8099C /* CHAnimationState.m */,
			);
			path = CHAnimation;
			sourceTree = "<group>";
		};
		77F11883192DCE290038F5AA /* Resources */ = {
			isa = PBXGroup;
			children = (
				77B58A5A192E11F3006AA8FE /* background@2x.png */,
				77F11884192DCE290038F5AA /* facebook@2x.png */,
				77F11885192DCE290038F5AA /* googleplus@2x.png */,
				77F11886192DCE290038F5AA /* linkedin@2x.png */,
				77F11887192DCE290038F5AA /* pinterest@2x.png */,
				77F11888192DCE290038F5AA /* plus@2x.png */,
				77F11889192DCE290038F5AA /* skype@2x.png */,
				77F1188A192DCE290038F5AA /* tumblr@2x.png */,
				77F1188B192DCE290038F5AA /* twitter@2x.png */,
				77F1188C192DCE290038F5AA /* youtube@2x.png */,
			);
			path = Resources;
			sourceTree = "<group>";
		};
/* End PBXGroup section */

/* Begin PBXNativeTarget section */
		77B49589192B063E00D8099C /* CHAnimation */ = {
			isa = PBXNativeTarget;
			buildConfigurationList = 77B495BF192B063E00D8099C /* Build configuration list for PBXNativeTarget "CHAnimation" */;
			buildPhases = (
				77B49586192B063E00D8099C /* Sources */,
				77B49587192B063E00D8099C /* Frameworks */,
				77B49588192B063E00D8099C /* Resources */,
			);
			buildRules = (
			);
			dependencies = (
			);
			name = CHAnimation;
			productName = CHAnimation;
			productReference = 77B4958A192B063E00D8099C /* CHAnimation.app */;
			productType = "com.apple.product-type.application";
		};
		77B495AD192B063E00D8099C /* CHAnimationTests */ = {
			isa = PBXNativeTarget;
			buildConfigurationList = 77B495C2192B063E00D8099C /* Build configuration list for PBXNativeTarget "CHAnimationTests" */;
			buildPhases = (
				77B495AA192B063E00D8099C /* Sources */,
				77B495AB192B063E00D8099C /* Frameworks */,
				77B495AC192B063E00D8099C /* Resources */,
			);
			buildRules = (
			);
			dependencies = (
				77B495B4192B063E00D8099C /* PBXTargetDependency */,
			);
			name = CHAnimationTests;
			productName = CHAnimationTests;
			productReference = 77B495AE192B063E00D8099C /* CHAnimationTests.xctest */;
			productType = "com.apple.product-type.bundle.unit-test";
		};
/* End PBXNativeTarget section */

/* Begin PBXProject section */
		77B49582192B063E00D8099C /* Project object */ = {
			isa = PBXProject;
			attributes = {
				CLASSPREFIX = CH;
				LastUpgradeCheck = 0510;
				ORGANIZATIONNAME = hangchen;
				TargetAttributes = {
					77B495AD192B063E00D8099C = {
						TestTargetID = 77B49589192B063E00D8099C;
					};
				};
			};
			buildConfigurationList = 77B49585192B063E00D8099C /* Build configuration list for PBXProject "CHAnimation" */;
			compatibilityVersion = "Xcode 3.2";
			developmentRegion = English;
			hasScannedForEncodings = 0;
			knownRegions = (
				en,
				Base,
			);
			mainGroup = 77B49581192B063E00D8099C;
			productRefGroup = 77B4958B192B063E00D8099C /* Products */;
			projectDirPath = "";
			projectRoot = "";
			targets = (
				77B49589192B063E00D8099C /* CHAnimation */,
				77B495AD192B063E00D8099C /* CHAnimationTests */,
			);
		};
/* End PBXProject section */

/* Begin PBXResourcesBuildPhase section */
		77B49588192B063E00D8099C /* Resources */ = {
			isa = PBXResourcesBuildPhase;
			buildActionMask = 2147483647;
			files = (
				77F11894192DCE290038F5AA /* twitter@2x.png in Resources */,
				77B495A9192B063E00D8099C /* Images.xcassets in Resources */,
				77F1188D192DCE290038F5AA /* facebook@2x.png in Resources */,
				77F11893192DCE290038F5AA /* tumblr@2x.png in Resources */,
				77F1188F192DCE290038F5AA /* linkedin@2x.png in Resources */,
				77F11891192DCE290038F5AA /* plus@2x.png in Resources */,
				77B49598192B063E00D8099C /* InfoPlist.strings in Resources */,
				77F11895192DCE290038F5AA /* youtube@2x.png in Resources */,
				77F11892192DCE290038F5AA /* skype@2x.png in Resources */,
				77F1188E192DCE290038F5AA /* googleplus@2x.png in Resources */,
				77B58A5B192E11F3006AA8FE /* background@2x.png in Resources */,
				77F11890192DCE290038F5AA /* pinterest@2x.png in Resources */,
			);
			runOnlyForDeploymentPostprocessing = 0;
		};
		77B495AC192B063E00D8099C /* Resources */ = {
			isa = PBXResourcesBuildPhase;
			buildActionMask = 2147483647;
			files = (
				77B495BA192B063E00D8099C /* InfoPlist.strings in Resources */,
			);
			runOnlyForDeploymentPostprocessing = 0;
		};
/* End PBXResourcesBuildPhase section */

/* Begin PBXSourcesBuildPhase section */
		77B49586192B063E00D8099C /* Sources */ = {
			isa = PBXSourcesBuildPhase;
			buildActionMask = 2147483647;
			files = (
				77F1186A192D9E9B0038F5AA /* CHPopUpMenu.m in Sources */,
				77B4959A192B063E00D8099C /* main.m in Sources */,
				77B495C8192B070E00D8099C /* CHAnimator.m in Sources */,
				77B4959E192B063E00D8099C /* CHAppDelegate.m in Sources */,
				77B495CE192B131300D8099C /* CHAnimationState.m in Sources */,
				77B495A7192B063E00D8099C /* CHViewController.m in Sources */,
				77B495CB192B080200D8099C /* CHAnimation.m in Sources */,
			);
			runOnlyForDeploymentPostprocessing = 0;
		};
		77B495AA192B063E00D8099C /* Sources */ = {
			isa = PBXSourcesBuildPhase;
			buildActionMask = 2147483647;
			files = (
				77B495BC192B063E00D8099C /* CHAnimationTests.m in Sources */,
			);
			runOnlyForDeploymentPostprocessing = 0;
		};
/* End PBXSourcesBuildPhase section */

/* Begin PBXTargetDependency section */
		77B495B4192B063E00D8099C /* PBXTargetDependency */ = {
			isa = PBXTargetDependency;
			target = 77B49589192B063E00D8099C /* CHAnimation */;
			targetProxy = 77B495B3192B063E00D8099C /* PBXContainerItemProxy */;
		};
/* End PBXTargetDependency section */

/* Begin PBXVariantGroup section */
		77B49596192B063E00D8099C /* InfoPlist.strings */ = {
			isa = PBXVariantGroup;
			children = (
				77B49597192B063E00D8099C /* en */,
			);
			name = InfoPlist.strings;
			sourceTree = "<group>";
		};
		77B495B8192B063E00D8099C /* InfoPlist.strings */ = {
			isa = PBXVariantGroup;
			children = (
				77B495B9192B063E00D8099C /* en */,
			);
			name = InfoPlist.strings;
			sourceTree = "<group>";
		};
/* End PBXVariantGroup section */

/* Begin XCBuildConfiguration section */
		77B495BD192B063E00D8099C /* Debug */ = {
			isa = XCBuildConfiguration;
			buildSettings = {
				ALWAYS_SEARCH_USER_PATHS = NO;
				CLANG_CXX_LANGUAGE_STANDARD = "gnu++0x";
				CLANG_CXX_LIBRARY = "libc++";
				CLANG_ENABLE_MODULES = YES;
				CLANG_ENABLE_OBJC_ARC = YES;
				CLANG_WARN_BOOL_CONVERSION = YES;
				CLANG_WARN_CONSTANT_CONVERSION = YES;
				CLANG_WARN_DIRECT_OBJC_ISA_USAGE = YES_ERROR;
				CLANG_WARN_EMPTY_BODY = YES;
				CLANG_WARN_ENUM_CONVERSION = YES;
				CLANG_WARN_INT_CONVERSION = YES;
				CLANG_WARN_OBJC_ROOT_CLASS = YES_ERROR;
				CLANG_WARN__DUPLICATE_METHOD_MATCH = YES;
				"CODE_SIGN_IDENTITY[sdk=iphoneos*]" = "iPhone Developer";
				COPY_PHASE_STRIP = NO;
				GCC_C_LANGUAGE_STANDARD = gnu99;
				GCC_DYNAMIC_NO_PIC = NO;
				GCC_OPTIMIZATION_LEVEL = 0;
				GCC_PREPROCESSOR_DEFINITIONS = (
					"DEBUG=1",
					"$(inherited)",
				);
				GCC_SYMBOLS_PRIVATE_EXTERN = NO;
				GCC_WARN_64_TO_32_BIT_CONVERSION = YES;
				GCC_WARN_ABOUT_RETURN_TYPE = YES_ERROR;
				GCC_WARN_UNDECLARED_SELECTOR = YES;
				GCC_WARN_UNINITIALIZED_AUTOS = YES_AGGRESSIVE;
				GCC_WARN_UNUSED_FUNCTION = YES;
				GCC_WARN_UNUSED_VARIABLE = YES;
				IPHONEOS_DEPLOYMENT_TARGET = 7.1;
				ONLY_ACTIVE_ARCH = YES;
				SDKROOT = iphoneos;
				TARGETED_DEVICE_FAMILY = "1,2";
			};
			name = Debug;
		};
		77B495BE192B063E00D8099C /* Release */ = {
			isa = XCBuildConfiguration;
			buildSettings = {
				ALWAYS_SEARCH_USER_PATHS = NO;
				CLANG_CXX_LANGUAGE_STANDARD = "gnu++0x";
				CLANG_CXX_LIBRARY = "libc++";
				CLANG_ENABLE_MODULES = YES;
				CLANG_ENABLE_OBJC_ARC = YES;
				CLANG_WARN_BOOL_CONVERSION = YES;
				CLANG_WARN_CONSTANT_CONVERSION = YES;
				CLANG_WARN_DIRECT_OBJC_ISA_USAGE = YES_ERROR;
				CLANG_WARN_EMPTY_BODY = YES;
				CLANG_WARN_ENUM_CONVERSION = YES;
				CLANG_WARN_INT_CONVERSION = YES;
				CLANG_WARN_OBJC_ROOT_CLASS = YES_ERROR;
				CLANG_WARN__DUPLICATE_METHOD_MATCH = YES;
				"CODE_SIGN_IDENTITY[sdk=iphoneos*]" = "iPhone Developer";
				COPY_PHASE_STRIP = YES;
				ENABLE_NS_ASSERTIONS = NO;
				GCC_C_LANGUAGE_STANDARD = gnu99;
				GCC_WARN_64_TO_32_BIT_CONVERSION = YES;
				GCC_WARN_ABOUT_RETURN_TYPE = YES_ERROR;
				GCC_WARN_UNDECLARED_SELECTOR = YES;
				GCC_WARN_UNINITIALIZED_AUTOS = YES_AGGRESSIVE;
				GCC_WARN_UNUSED_FUNCTION = YES;
				GCC_WARN_UNUSED_VARIABLE = YES;
				IPHONEOS_DEPLOYMENT_TARGET = 7.1;
				SDKROOT = iphoneos;
				TARGETED_DEVICE_FAMILY = "1,2";
				VALIDATE_PRODUCT = YES;
			};
			name = Release;
		};
		77B495C0192B063E00D8099C /* Debug */ = {
			isa = XCBuildConfiguration;
			buildSettings = {
				ASSETCATALOG_COMPILER_APPICON_NAME = AppIcon;
				ASSETCATALOG_COMPILER_LAUNCHIMAGE_NAME = LaunchImage;
				GCC_PRECOMPILE_PREFIX_HEADER = YES;
				GCC_PREFIX_HEADER = "CHAnimation/CHAnimation-Prefix.pch";
				INFOPLIST_FILE = "CHAnimation/CHAnimation-Info.plist";
				IPHONEOS_DEPLOYMENT_TARGET = 6.0;
				PRODUCT_NAME = "$(TARGET_NAME)";
				WRAPPER_EXTENSION = app;
			};
			name = Debug;
		};
		77B495C1192B063E00D8099C /* Release */ = {
			isa = XCBuildConfiguration;
			buildSettings = {
				ASSETCATALOG_COMPILER_APPICON_NAME = AppIcon;
				ASSETCATALOG_COMPILER_LAUNCHIMAGE_NAME = LaunchImage;
				GCC_PRECOMPILE_PREFIX_HEADER = YES;
				GCC_PREFIX_HEADER = "CHAnimation/CHAnimation-Prefix.pch";
				INFOPLIST_FILE = "CHAnimation/CHAnimation-Info.plist";
				IPHONEOS_DEPLOYMENT_TARGET = 6.0;
				PRODUCT_NAME = "$(TARGET_NAME)";
				WRAPPER_EXTENSION = app;
			};
			name = Release;
		};
		77B495C3192B063E00D8099C /* Debug */ = {
			isa = XCBuildConfiguration;
			buildSettings = {
				BUNDLE_LOADER = "$(BUILT_PRODUCTS_DIR)/CHAnimation.app/CHAnimation";
				FRAMEWORK_SEARCH_PATHS = (
					"$(SDKROOT)/Developer/Library/Frameworks",
					"$(inherited)",
					"$(DEVELOPER_FRAMEWORKS_DIR)",
				);
				GCC_PRECOMPILE_PREFIX_HEADER = YES;
				GCC_PREFIX_HEADER = "CHAnimation/CHAnimation-Prefix.pch";
				GCC_PREPROCESSOR_DEFINITIONS = (
					"DEBUG=1",
					"$(inherited)",
				);
				INFOPLIST_FILE = "CHAnimationTests/CHAnimationTests-Info.plist";
				PRODUCT_NAME = "$(TARGET_NAME)";
				TEST_HOST = "$(BUNDLE_LOADER)";
				WRAPPER_EXTENSION = xctest;
			};
			name = Debug;
		};
		77B495C4192B063E00D8099C /* Release */ = {
			isa = XCBuildConfiguration;
			buildSettings = {
				BUNDLE_LOADER = "$(BUILT_PRODUCTS_DIR)/CHAnimation.app/CHAnimation";
				FRAMEWORK_SEARCH_PATHS = (
					"$(SDKROOT)/Developer/Library/Frameworks",
					"$(inherited)",
					"$(DEVELOPER_FRAMEWORKS_DIR)",
				);
				GCC_PRECOMPILE_PREFIX_HEADER = YES;
				GCC_PREFIX_HEADER = "CHAnimation/CHAnimation-Prefix.pch";
				INFOPLIST_FILE = "CHAnimationTests/CHAnimationTests-Info.plist";
				PRODUCT_NAME = "$(TARGET_NAME)";
				TEST_HOST = "$(BUNDLE_LOADER)";
				WRAPPER_EXTENSION = xctest;
			};
			name = Release;
		};
/* End XCBuildConfiguration section */

/* Begin XCConfigurationList section */
		77B49585192B063E00D8099C /* Build configuration list for PBXProject "CHAnimation" */ = {
			isa = XCConfigurationList;
			buildConfigurations = (
				77B495BD192B063E00D8099C /* Debug */,
				77B495BE192B063E00D8099C /* Release */,
			);
			defaultConfigurationIsVisible = 0;
			defaultConfigurationName = Release;
		};
		77B495BF192B063E00D8099C /* Build configuration list for PBXNativeTarget "CHAnimation" */ = {
			isa = XCConfigurationList;
			buildConfigurations = (
				77B495C0192B063E00D8099C /* Debug */,
				77B495C1192B063E00D8099C /* Release */,
			);
			defaultConfigurationIsVisible = 0;
			defaultConfigurationName = Release;
		};
		77B495C2192B063E00D8099C /* Build configuration list for PBXNativeTarget "CHAnimationTests" */ = {
			isa = XCConfigurationList;
			buildConfigurations = (
				77B495C3192B063E00D8099C /* Debug */,
				77B495C4192B063E00D8099C /* Release */,
			);
			defaultConfigurationIsVisible = 0;
			defaultConfigurationName = Release;
		};
/* End XCConfigurationList section */
	};
	rootObject = 77B49582192B063E00D8099C /* Project object */;
}
